
Microsoft Visual Studio Solution File, Format Version 12.00
# Visual Studio Version 16
VisualStudioVersion = 16.0.31729.503
MinimumVisualStudioVersion = 10.0.40219.1
Project("{FAE04EC0-301F-11D3-BF4B-00C04F79EFBC}") = "Demo_Blazor_Server_App", "Demo_Blazor_Server_App\Demo_Blazor_Server_App.csproj", "{13ED6709-CB2B-4051-AC67-1E7CBD931682}"
EndProject
Global
	GlobalSection(SolutionConfigurationPlatforms) = preSolution
		Debug|Any CPU = Debug|Any CPU
		Release|Any CPU = Release|Any CPU
	EndGlobalSection
	GlobalSection(ProjectConfigurationPlatforms) = postSolution
		{13ED6709-CB2B-4051-AC67-1E7CBD931682}.Debug|Any CPU.ActiveCfg = Debug|Any CPU
		{13ED6709-CB2B-4051-AC67-1E7CBD931682}.Debug|Any CPU.Build.0 = Debug|Any CPU
		{13ED6709-CB2B-4051-AC67-1E7CBD931682}.Release|Any CPU.ActiveCfg = Release|Any CPU
		{13ED6709-CB2B-4051-AC67-1E7CBD931682}.Release|Any CPU.Build.0 = Release|Any CPU
	EndGlobalSection
	GlobalSection(SolutionProperties) = preSolution
		HideSolutionNode = FALSE
	EndGlobalSection
	GlobalSection(ExtensibilityGlobals) = postSolution
		SolutionGuid = {246F4938-8238-4682-8B53-355F8DE8EFE0}
	EndGlobalSection
EndGlobal
